
Microsoft Visual Studio Solution File, Format Version 12.00
# Visual Studio Version 16
VisualStudioVersion = 16.0.30907.101
MinimumVisualStudioVersion = 10.0.40219.1
Project("{FAE04EC0-301F-11D3-BF4B-00C04F79EFBC}") = "14th feb lab", "14th feb lab\14th feb lab.csproj", "{B6CC0A44-E213-4D5E-8310-862E5F623C26}"
EndProject
Global
	GlobalSection(SolutionConfigurationPlatforms) = preSolution
		Debug|Any CPU = Debug|Any CPU
		Release|Any CPU = Release|Any CPU
	EndGlobalSection
	GlobalSection(ProjectConfigurationPlatforms) = postSolution
		{B6CC0A44-E213-4D5E-8310-862E5F623C26}.Debug|Any CPU.ActiveCfg = Debug|Any CPU
		{B6CC0A44-E213-4D5E-8310-862E5F623C26}.Debug|Any CPU.Build.0 = Debug|Any CPU
		{B6CC0A44-E213-4D5E-8310-862E5F623C26}.Release|Any CPU.ActiveCfg = Release|Any CPU
		{B6CC0A44-E213-4D5E-8310-862E5F623C26}.Release|Any CPU.Build.0 = Release|Any CPU
	EndGlobalSection
	GlobalSection(SolutionProperties) = preSolution
		HideSolutionNode = FALSE
	EndGlobalSection
	GlobalSection(ExtensibilityGlobals) = postSolution
		SolutionGuid = {05505329-97FA-4783-8252-B7C2505F8B57}
	EndGlobalSection
EndGlobal
